
Microsoft Visual Studio Solution File, Format Version 12.00
# Visual Studio 14
VisualStudioVersion = 14.0.25420.1
MinimumVisualStudioVersion = 10.0.40219.1
Project("{FAE04EC0-301F-11D3-BF4B-00C04F79EFBC}") = "UltimootiveServer", "UltimootiveServer\UltimootiveServer.csproj", "{DB6D4D85-E1F8-443E-9118-9F5C81D91482}"
EndProject
Project("{FAE04EC0-301F-11D3-BF4B-00C04F79EFBC}") = "UltimootiveClient", "UltimootiveClient\UltimootiveClient.csproj", "{98D5D38C-97C2-4778-9208-78A3FFFA352E}"
EndProject
Global
	GlobalSection(SolutionConfigurationPlatforms) = preSolution
		Debug|Any CPU = Debug|Any CPU
		Release|Any CPU = Release|Any CPU
	EndGlobalSection
	GlobalSection(ProjectConfigurationPlatforms) = postSolution
		{DB6D4D85-E1F8-443E-9118-9F5C81D91482}.Debug|Any CPU.ActiveCfg = Debug|Any CPU
		{DB6D4D85-E1F8-443E-9118-9F5C81D91482}.Debug|Any CPU.Build.0 = Debug|Any CPU
		{DB6D4D85-E1F8-443E-9118-9F5C81D91482}.Release|Any CPU.ActiveCfg = Release|Any CPU
		{DB6D4D85-E1F8-443E-9118-9F5C81D91482}.Release|Any CPU.Build.0 = Release|Any CPU
		{98D5D38C-97C2-4778-9208-78A3FFFA352E}.Debug|Any CPU.ActiveCfg = Debug|Any CPU
		{98D5D38C-97C2-4778-9208-78A3FFFA352E}.Debug|Any CPU.Build.0 = Debug|Any CPU
		{98D5D38C-97C2-4778-9208-78A3FFFA352E}.Release|Any CPU.ActiveCfg = Release|Any CPU
		{98D5D38C-97C2-4778-9208-78A3FFFA352E}.Release|Any CPU.Build.0 = Release|Any CPU
	EndGlobalSection
	GlobalSection(SolutionProperties) = preSolution
		HideSolutionNode = FALSE
	EndGlobalSection
EndGlobal
